
Microsoft Visual Studio Solution File, Format Version 12.00
# Visual Studio 15
VisualStudioVersion = 15.0.27729.1
MinimumVisualStudioVersion = 10.0.40219.1
Project("{8BC9CEB8-8B4A-11D0-8D11-00A0C91BC942}") = "crc32", "crc32.vcxproj", "{2AF55D0D-F28A-454D-9DCD-B980B9FACAD3}"
EndProject
Global
	GlobalSection(SolutionConfigurationPlatforms) = preSolution
		Debug|x64 = Debug|x64
		Debug|x86 = Debug|x86
		Release|x64 = Release|x64
		Release|x86 = Release|x86
	EndGlobalSection
	GlobalSection(ProjectConfigurationPlatforms) = postSolution
		{2AF55D0D-F28A-454D-9DCD-B980B9FACAD3}.Debug|x64.ActiveCfg = Debug|x64
		{2AF55D0D-F28A-454D-9DCD-B980B9FACAD3}.Debug|x64.Build.0 = Debug|x64
		{2AF55D0D-F28A-454D-9DCD-B980B9FACAD3}.Debug|x86.ActiveCfg = Debug|Win32
		{2AF55D0D-F28A-454D-9DCD-B980B9FACAD3}.Debug|x86.Build.0 = Debug|Win32
		{2AF55D0D-F28A-454D-9DCD-B980B9FACAD3}.Release|x64.ActiveCfg = Release|x64
		{2AF55D0D-F28A-454D-9DCD-B980B9FACAD3}.Release|x64.Build.0 = Release|x64
		{2AF55D0D-F28A-454D-9DCD-B980B9FACAD3}.Release|x86.ActiveCfg = Release|Win32
		{2AF55D0D-F28A-454D-9DCD-B980B9FACAD3}.Release|x86.Build.0 = Release|Win32
	EndGlobalSection
	GlobalSection(SolutionProperties) = preSolution
		HideSolutionNode = FALSE
	EndGlobalSection
	GlobalSection(ExtensibilityGlobals) = postSolution
		SolutionGuid = {0973A9C1-7920-4E7F-9799-07D942A24A4C}
	EndGlobalSection
EndGlobal
